
Microsoft Visual Studio Solution File, Format Version 12.00
# Visual Studio Version 17
VisualStudioVersion = 17.4.33403.182
MinimumVisualStudioVersion = 10.0.40219.1
Project("{FAE04EC0-301F-11D3-BF4B-00C04F79EFBC}") = "bazinga.txt", "bazinga.txt\bazinga.txt.csproj", "{9D4288DF-CBE8-4664-8119-D14A1B6B1FCC}"
EndProject
Global
	GlobalSection(SolutionConfigurationPlatforms) = preSolution
		Debug|Any CPU = Debug|Any CPU
		Release|Any CPU = Release|Any CPU
	EndGlobalSection
	GlobalSection(ProjectConfigurationPlatforms) = postSolution
		{9D4288DF-CBE8-4664-8119-D14A1B6B1FCC}.Debug|Any CPU.ActiveCfg = Debug|Any CPU
		{9D4288DF-CBE8-4664-8119-D14A1B6B1FCC}.Debug|Any CPU.Build.0 = Debug|Any CPU
		{9D4288DF-CBE8-4664-8119-D14A1B6B1FCC}.Release|Any CPU.ActiveCfg = Release|Any CPU
		{9D4288DF-CBE8-4664-8119-D14A1B6B1FCC}.Release|Any CPU.Build.0 = Release|Any CPU
	EndGlobalSection
	GlobalSection(SolutionProperties) = preSolution
		HideSolutionNode = FALSE
	EndGlobalSection
	GlobalSection(ExtensibilityGlobals) = postSolution
		SolutionGuid = {E844B2E5-D7B5-425E-9E06-9404F4A3B4A3}
	EndGlobalSection
EndGlobal
