
Microsoft Visual Studio Solution File, Format Version 12.00
# Visual Studio Version 17
VisualStudioVersion = 17.4.33403.182
MinimumVisualStudioVersion = 10.0.40219.1
Project("{FAE04EC0-301F-11D3-BF4B-00C04F79EFBC}") = "myGame", "myGame\myGame.csproj", "{EDAF140E-1F73-4DD4-8B3E-70865F9910B3}"
EndProject
Project("{FAE04EC0-301F-11D3-BF4B-00C04F79EFBC}") = "string opdracht", "string opdracht\string opdracht.csproj", "{20278AA6-B873-4EE2-BDD4-A6B2CD25D01E}"
EndProject
Global
	GlobalSection(SolutionConfigurationPlatforms) = preSolution
		Debug|Any CPU = Debug|Any CPU
		Release|Any CPU = Release|Any CPU
	EndGlobalSection
	GlobalSection(ProjectConfigurationPlatforms) = postSolution
		{EDAF140E-1F73-4DD4-8B3E-70865F9910B3}.Debug|Any CPU.ActiveCfg = Debug|Any CPU
		{EDAF140E-1F73-4DD4-8B3E-70865F9910B3}.Debug|Any CPU.Build.0 = Debug|Any CPU
		{EDAF140E-1F73-4DD4-8B3E-70865F9910B3}.Release|Any CPU.ActiveCfg = Release|Any CPU
		{EDAF140E-1F73-4DD4-8B3E-70865F9910B3}.Release|Any CPU.Build.0 = Release|Any CPU
		{20278AA6-B873-4EE2-BDD4-A6B2CD25D01E}.Debug|Any CPU.ActiveCfg = Debug|Any CPU
		{20278AA6-B873-4EE2-BDD4-A6B2CD25D01E}.Debug|Any CPU.Build.0 = Debug|Any CPU
		{20278AA6-B873-4EE2-BDD4-A6B2CD25D01E}.Release|Any CPU.ActiveCfg = Release|Any CPU
		{20278AA6-B873-4EE2-BDD4-A6B2CD25D01E}.Release|Any CPU.Build.0 = Release|Any CPU
	EndGlobalSection
	GlobalSection(SolutionProperties) = preSolution
		HideSolutionNode = FALSE
	EndGlobalSection
	GlobalSection(ExtensibilityGlobals) = postSolution
		SolutionGuid = {9E3DA246-508D-4DF4-9EB4-31E89FC7715C}
	EndGlobalSection
EndGlobal
